<?xml version="1.0" encoding="UTF-8"?>
<CONFIG>
  <ProjectOptions>
    <Version Value="11"/>
    <PathDelim Value="\"/>
    <General>
      <Flags>
        <MainUnitHasCreateFormStatements Value="False"/>
        <MainUnitHasTitleStatement Value="False"/>
        <MainUnitHasScaledStatement Value="False"/>
      </Flags>
      <SessionStorage Value="InProjectDir"/>
      <MainUnit Value="0"/>
      <Title Value="monsterHunter"/>
      <UseAppBundle Value="False"/>
      <ResourceType Value="res"/>
    </General>
    <BuildModes Count="1">
      <Item1 Name="Default" Default="True"/>
    </BuildModes>
    <PublishOptions>
      <Version Value="2"/>
      <UseFileFilters Value="True"/>
    </PublishOptions>
    <RunParams>
      <FormatVersion Value="2"/>
      <Modes Count="0"/>
    </RunParams>
    <Units Count="18">
      <Unit0>
        <Filename Value="monsterHunter.lpr"/>
        <IsPartOfProject Value="True"/>
      </Unit0>
      <Unit1>
        <Filename Value="monsterhunterlogic.pas"/>
        <IsPartOfProject Value="True"/>
      </Unit1>
      <Unit2>
        <Filename Value="monsterhunterihm.pas"/>
        <IsPartOfProject Value="True"/>
        <UnitName Value="MonsterHunterIHM"/>
      </Unit2>
      <Unit3>
        <Filename Value="GestionEcran.pas"/>
        <IsPartOfProject Value="True"/>
      </Unit3>
      <Unit4>
        <Filename Value="monsterhunterjoueur.pas"/>
        <IsPartOfProject Value="True"/>
        <UnitName Value="monsterHunterJoueur"/>
      </Unit4>
      <Unit5>
        <Filename Value="monsterhuntermenu.pas"/>
        <IsPartOfProject Value="True"/>
        <UnitName Value="monsterHunterMenu"/>
      </Unit5>
      <Unit6>
        <Filename Value="monsterhunterarmesetarmures.pas"/>
        <IsPartOfProject Value="True"/>
        <UnitName Value="monsterHunterArmesEtArmures"/>
      </Unit6>
      <Unit7>
        <Filename Value="monsterhunterville.pas"/>
        <IsPartOfProject Value="True"/>
        <UnitName Value="monsterHunterVille"/>
      </Unit7>
      <Unit8>
        <Filename Value="monsterhunterchambre.pas"/>
        <IsPartOfProject Value="True"/>
        <UnitName Value="monsterHunterChambre"/>
      </Unit8>
      <Unit9>
        <Filename Value="monsterhunterforge.pas"/>
        <IsPartOfProject Value="True"/>
        <UnitName Value="monsterHunterForge"/>
      </Unit9>
      <Unit10>
        <Filename Value="monsterhuntercantine.pas"/>
        <IsPartOfProject Value="True"/>
        <UnitName Value="monsterHunterCantine"/>
      </Unit10>
      <Unit11>
        <Filename Value="monsterhuntercombat.pas"/>
        <IsPartOfProject Value="True"/>
        <UnitName Value="monsterHunterCombat"/>
      </Unit11>
      <Unit12>
        <Filename Value="monsterhuntermarchand.pas"/>
        <IsPartOfProject Value="True"/>
        <UnitName Value="monsterHunterMarchand"/>
      </Unit12>
      <Unit13>
        <Filename Value="monsterhuntermenuihm.pas"/>
        <IsPartOfProject Value="True"/>
        <UnitName Value="monsterHunterMenuIHM"/>
      </Unit13>
      <Unit14>
        <Filename Value="monsterhunterforgeihm.pas"/>
        <IsPartOfProject Value="True"/>
        <UnitName Value="monsterHunterForgeIHM"/>
      </Unit14>
      <Unit15>
        <Filename Value="monsterhuntergestioncombatmonstre.pas"/>
        <IsPartOfProject Value="True"/>
        <UnitName Value="monsterHunterGestionCombatMonstre"/>
      </Unit15>
      <Unit16>
        <Filename Value="monsterhuntergestioncombatjoueur.pas"/>
        <IsPartOfProject Value="True"/>
        <UnitName Value="monsterHunterGestionCombatJoueur"/>
      </Unit16>
      <Unit17>
        <Filename Value="monsterhuntermonstre.pas"/>
        <IsPartOfProject Value="True"/>
        <UnitName Value="monsterHunterMonstre"/>
      </Unit17>
    </Units>
  </ProjectOptions>
  <CompilerOptions>
    <Version Value="11"/>
    <PathDelim Value="\"/>
    <Target>
      <Filename Value="monsterHunter"/>
    </Target>
    <SearchPaths>
      <IncludeFiles Value="$(ProjOutDir)"/>
      <UnitOutputDirectory Value="lib\$(TargetCPU)-$(TargetOS)"/>
    </SearchPaths>
  </CompilerOptions>
  <Debugging>
    <Exceptions Count="3">
      <Item1>
        <Name Value="EAbort"/>
      </Item1>
      <Item2>
        <Name Value="ECodetoolError"/>
      </Item2>
      <Item3>
        <Name Value="EFOpenError"/>
      </Item3>
    </Exceptions>
  </Debugging>
</CONFIG>
